// !$*UTF8*$!
{
	archiveVersion = 1;
	classes = {
	};
	objectVersion = 46;
	objects = {

/* Begin PBXBuildFile section */
		7A3577801D2F35330077E5A2 /* AppDelegate.swift in Sources */ = {isa = PBXBuildFile; fileRef = 7A35777F1D2F35330077E5A2 /* AppDelegate.swift */; };
		7A3577821D2F35A80077E5A2 /* Info.plist in Resources */ = {isa = PBXBuildFile; fileRef = 7A3577811D2F35A80077E5A2 /* Info.plist */; };
		7A3577841D2F36400077E5A2 /* PageIndicatorView.swift in Sources */ = {isa = PBXBuildFile; fileRef = 7A3577831D2F36400077E5A2 /* PageIndicatorView.swift */; };
		7A3577861D2F36AA0077E5A2 /* ChartTableViewCell.swift in Sources */ = {isa = PBXBuildFile; fileRef = 7A3577851D2F36AA0077E5A2 /* ChartTableViewCell.swift */; };
		7A3577881D2F3D6F0077E5A2 /* OIII.json in Resources */ = {isa = PBXBuildFile; fileRef = 7A3577871D2F3D6F0077E5A2 /* OIII.json */; };
		7A35778A1D2F40510077E5A2 /* AppState.swift in Sources */ = {isa = PBXBuildFile; fileRef = 7A3577891D2F40510077E5A2 /* AppState.swift */; };
		7A7B18A81D326AD10014155F /* MainViewLeftNavigationBarHandler.swift in Sources */ = {isa = PBXBuildFile; fileRef = 7A7B18A71D326AD10014155F /* MainViewLeftNavigationBarHandler.swift */; };
		7A7B18AC1D326E070014155F /* AirportsTabBarViewController.swift in Sources */ = {isa = PBXBuildFile; fileRef = 7A7B18AB1D326E070014155F /* AirportsTabBarViewController.swift */; };
		7A7B18AF1D327D260014155F /* TapGestureHandler.swift in Sources */ = {isa = PBXBuildFile; fileRef = 7A7B18AE1D327D260014155F /* TapGestureHandler.swift */; };
		7A7B18B11D327D350014155F /* LongPressGestureHandler.swift in Sources */ = {isa = PBXBuildFile; fileRef = 7A7B18B01D327D350014155F /* LongPressGestureHandler.swift */; };
		7A7B18B31D327D430014155F /* PanGestureHandler.swift in Sources */ = {isa = PBXBuildFile; fileRef = 7A7B18B21D327D430014155F /* PanGestureHandler.swift */; };
		7A7B18B51D327D530014155F /* PinchGestureHandler.swift in Sources */ = {isa = PBXBuildFile; fileRef = 7A7B18B41D327D530014155F /* PinchGestureHandler.swift */; };
		7A7B18B71D327D680014155F /* SwipeGestureHandler.swift in Sources */ = {isa = PBXBuildFile; fileRef = 7A7B18B61D327D680014155F /* SwipeGestureHandler.swift */; };
		7A7B18B91D327E3E0014155F /* MainSegue.swift in Sources */ = {isa = PBXBuildFile; fileRef = 7A7B18B81D327E3E0014155F /* MainSegue.swift */; };
		7A7B18BB1D327EA90014155F /* MainViewInterfaceHandlers.swift in Sources */ = {isa = PBXBuildFile; fileRef = 7A7B18BA1D327EA90014155F /* MainViewInterfaceHandlers.swift */; };
		7A7B18BD1D3282220014155F /* StatusBarViewController.swift in Sources */ = {isa = PBXBuildFile; fileRef = 7A7B18BC1D3282220014155F /* StatusBarViewController.swift */; };
		7A7B18BF1D3282720014155F /* SettingsPopOverViewController.swift in Sources */ = {isa = PBXBuildFile; fileRef = 7A7B18BE1D3282720014155F /* SettingsPopOverViewController.swift */; };
		7A7B18C11D3282AA0014155F /* LocationPopOverViewController.swift in Sources */ = {isa = PBXBuildFile; fileRef = 7A7B18C01D3282AA0014155F /* LocationPopOverViewController.swift */; };
		7A7B18C31D3282DB0014155F /* InformationPopOverTableViewController.swift in Sources */ = {isa = PBXBuildFile; fileRef = 7A7B18C21D3282DB0014155F /* InformationPopOverTableViewController.swift */; };
		7A7B18C51D3283030014155F /* MainViewNavigationBarHandler.swift in Sources */ = {isa = PBXBuildFile; fileRef = 7A7B18C41D3283030014155F /* MainViewNavigationBarHandler.swift */; };
		7A7B18C71D3283580014155F /* MainAirportHandler.swift in Sources */ = {isa = PBXBuildFile; fileRef = 7A7B18C61D3283580014155F /* MainAirportHandler.swift */; };
		7A7B18C91D32837F0014155F /* MainTerminalChartHandler.swift in Sources */ = {isa = PBXBuildFile; fileRef = 7A7B18C81D32837F0014155F /* MainTerminalChartHandler.swift */; };
		7AB11FF81D2F06E3009C3160 /* Airport+CoreDataProperties.swift in Sources */ = {isa = PBXBuildFile; fileRef = 7AB11FEE1D2F06E3009C3160 /* Airport+CoreDataProperties.swift */; };
		7AB11FFA1D2F06E3009C3160 /* ChartInfo+CoreDataProperties.swift in Sources */ = {isa = PBXBuildFile; fileRef = 7AB11FF01D2F06E3009C3160 /* ChartInfo+CoreDataProperties.swift */; };
		7AB11FFC1D2F06E3009C3160 /* Chart+CoreDataProperties.swift in Sources */ = {isa = PBXBuildFile; fileRef = 7AB11FF21D2F06E3009C3160 /* Chart+CoreDataProperties.swift */; };
		7AB11FFE1D2F06E3009C3160 /* UserCustomize+CoreDataProperties.swift in Sources */ = {isa = PBXBuildFile; fileRef = 7AB11FF41D2F06E3009C3160 /* UserCustomize+CoreDataProperties.swift */; };
		7AB120001D2F06E3009C3160 /* ChartContent+CoreDataProperties.swift in Sources */ = {isa = PBXBuildFile; fileRef = 7AB11FF61D2F06E3009C3160 /* ChartContent+CoreDataProperties.swift */; };
		7AB120071D2F074D009C3160 /* Airport.swift in Sources */ = {isa = PBXBuildFile; fileRef = 7AB120021D2F074D009C3160 /* Airport.swift */; };
		7AB120081D2F074D009C3160 /* Chart.swift in Sources */ = {isa = PBXBuildFile; fileRef = 7AB120031D2F074D009C3160 /* Chart.swift */; };
		7AB120091D2F074D009C3160 /* ChartContent.swift in Sources */ = {isa = PBXBuildFile; fileRef = 7AB120041D2F074D009C3160 /* ChartContent.swift */; };
		7AB1200A1D2F074D009C3160 /* ChartInfo.swift in Sources */ = {isa = PBXBuildFile; fileRef = 7AB120051D2F074D009C3160 /* ChartInfo.swift */; };
		7AB1200B1D2F074D009C3160 /* UserCustomize.swift in Sources */ = {isa = PBXBuildFile; fileRef = 7AB120061D2F074D009C3160 /* UserCustomize.swift */; };
		7AB1200D1D2F142A009C3160 /* Constants.swift in Sources */ = {isa = PBXBuildFile; fileRef = 7AB1200C1D2F142A009C3160 /* Constants.swift */; };
		7AB1200F1D2F1440009C3160 /* NotificationKeys.swift in Sources */ = {isa = PBXBuildFile; fileRef = 7AB1200E1D2F1440009C3160 /* NotificationKeys.swift */; };
		7AB120111D2F1457009C3160 /* UserDefaultsKeys.swift in Sources */ = {isa = PBXBuildFile; fileRef = 7AB120101D2F1457009C3160 /* UserDefaultsKeys.swift */; };
		7AB120131D2F1484009C3160 /* ChartPointerOrigin.swift in Sources */ = {isa = PBXBuildFile; fileRef = 7AB120121D2F1484009C3160 /* ChartPointerOrigin.swift */; };
		7AB120151D2F14A8009C3160 /* UserDefaults.swift in Sources */ = {isa = PBXBuildFile; fileRef = 7AB120141D2F14A8009C3160 /* UserDefaults.swift */; };
		7AB120171D2F14D6009C3160 /* SeedData.swift in Sources */ = {isa = PBXBuildFile; fileRef = 7AB120161D2F14D6009C3160 /* SeedData.swift */; };
		7AB120191D2F14F2009C3160 /* StatusBarHandler.swift in Sources */ = {isa = PBXBuildFile; fileRef = 7AB120181D2F14F2009C3160 /* StatusBarHandler.swift */; };
		7AB1201B1D2F1504009C3160 /* LogHandler.swift in Sources */ = {isa = PBXBuildFile; fileRef = 7AB1201A1D2F1504009C3160 /* LogHandler.swift */; };
		7AB1201D1D2F1526009C3160 /* ApplicationHandler.swift in Sources */ = {isa = PBXBuildFile; fileRef = 7AB1201C1D2F1526009C3160 /* ApplicationHandler.swift */; };
		7AB1201F1D2F1575009C3160 /* ErrorTypes.swift in Sources */ = {isa = PBXBuildFile; fileRef = 7AB1201E1D2F1575009C3160 /* ErrorTypes.swift */; };
		7AB120211D2F1663009C3160 /* ChartType.swift in Sources */ = {isa = PBXBuildFile; fileRef = 7AB120201D2F1663009C3160 /* ChartType.swift */; };
		7ABEA44A1D3418B100C311CD /* TerminalChartTableViewController.swift in Sources */ = {isa = PBXBuildFile; fileRef = 7ABEA4491D3418B100C311CD /* TerminalChartTableViewController.swift */; };
		7AE139BB1D2EE52A008B6033 /* Main.storyboard in Resources */ = {isa = PBXBuildFile; fileRef = 7AE139B91D2EE52A008B6033 /* Main.storyboard */; };
		7AE139C01D2EE52A008B6033 /* Assets.xcassets in Resources */ = {isa = PBXBuildFile; fileRef = 7AE139BF1D2EE52A008B6033 /* Assets.xcassets */; };
		7AE139C31D2EE52A008B6033 /* LaunchScreen.storyboard in Resources */ = {isa = PBXBuildFile; fileRef = 7AE139C11D2EE52A008B6033 /* LaunchScreen.storyboard */; };
		7AE139D31D2EE626008B6033 /* MainViewController.swift in Sources */ = {isa = PBXBuildFile; fileRef = 7AE139D21D2EE626008B6033 /* MainViewController.swift */; };
		7AE139DC1D2EE827008B6033 /* AFD.xcdatamodeld in Sources */ = {isa = PBXBuildFile; fileRef = 7AE139DA1D2EE826008B6033 /* AFD.xcdatamodeld */; };
		7AE139DE1D2EE86C008B6033 /* CoreDataHelper.swift in Sources */ = {isa = PBXBuildFile; fileRef = 7AE139DD1D2EE86C008B6033 /* CoreDataHelper.swift */; };
		7AE139E01D2EE87F008B6033 /* CoreDataStore.swift in Sources */ = {isa = PBXBuildFile; fileRef = 7AE139DF1D2EE87F008B6033 /* CoreDataStore.swift */; };
		7AE139E21D2EE892008B6033 /* AirportService.swift in Sources */ = {isa = PBXBuildFile; fileRef = 7AE139E11D2EE892008B6033 /* AirportService.swift */; };
		7AE139E41D2EE8A3008B6033 /* ChartService.swift in Sources */ = {isa = PBXBuildFile; fileRef = 7AE139E31D2EE8A3008B6033 /* ChartService.swift */; };
		7AE139E61D2EE8BA008B6033 /* ErrorHandler.swift in Sources */ = {isa = PBXBuildFile; fileRef = 7AE139E51D2EE8BA008B6033 /* ErrorHandler.swift */; };
		7AE139EA1D2EE8E3008B6033 /* InterfaceHandler.swift in Sources */ = {isa = PBXBuildFile; fileRef = 7AE139E91D2EE8E3008B6033 /* InterfaceHandler.swift */; };
		7AE139EC1D2EE8F9008B6033 /* LocationHandler.swift in Sources */ = {isa = PBXBuildFile; fileRef = 7AE139EB1D2EE8F9008B6033 /* LocationHandler.swift */; };
		7AE139EE1D2EE908008B6033 /* Manager.swift in Sources */ = {isa = PBXBuildFile; fileRef = 7AE139ED1D2EE908008B6033 /* Manager.swift */; };
		7AE139F01D2EE942008B6033 /* Airports.json in Resources */ = {isa = PBXBuildFile; fileRef = 7AE139EF1D2EE942008B6033 /* Airports.json */; };
/* End PBXBuildFile section */

/* Begin PBXFileReference section */
		7A35777F1D2F35330077E5A2 /* AppDelegate.swift */ = {isa = PBXFileReference; fileEncoding = 4; lastKnownFileType = sourcecode.swift; name = AppDelegate.swift; path = AppConfigurations/AppDelegate.swift; sourceTree = "<group>"; };
		7A3577811D2F35A80077E5A2 /* Info.plist */ = {isa = PBXFileReference; fileEncoding = 4; lastKnownFileType = text.plist.xml; name = Info.plist; path = AppConfigurations/Info.plist; sourceTree = "<group>"; };
		7A3577831D2F36400077E5A2 /* PageIndicatorView.swift */ = {isa = PBXFileReference; fileEncoding = 4; lastKnownFileType = sourcecode.swift; name = PageIndicatorView.swift; path = Views/PageIndicators/PageIndicatorView.swift; sourceTree = "<group>"; };
		7A3577851D2F36AA0077E5A2 /* ChartTableViewCell.swift */ = {isa = PBXFileReference; fileEncoding = 4; lastKnownFileType = sourcecode.swift; name = ChartTableViewCell.swift; path = Views/TerminalCharts/ChartTableViewCell.swift; sourceTree = "<group>"; };
		7A3577871D2F3D6F0077E5A2 /* OIII.json */ = {isa = PBXFileReference; fileEncoding = 4; lastKnownFileType = text.json; name = OIII.json; path = CoreData/DataSources/OIII.json; sourceTree = "<group>"; };
		7A3577891D2F40510077E5A2 /* AppState.swift */ = {isa = PBXFileReference; fileEncoding = 4; lastKnownFileType = sourcecode.swift; name = AppState.swift; path = Helpers/Enums/AppState.swift; sourceTree = "<group>"; };
		7A7B18A71D326AD10014155F /* MainViewLeftNavigationBarHandler.swift */ = {isa = PBXFileReference; fileEncoding = 4; lastKnownFileType = sourcecode.swift; name = MainViewLeftNavigationBarHandler.swift; path = Controllers/MainExtensions/MainViewLeftNavigationBarHandler.swift; sourceTree = "<group>"; };
		7A7B18AB1D326E070014155F /* AirportsTabBarViewController.swift */ = {isa = PBXFileReference; fileEncoding = 4; lastKnownFileType = sourcecode.swift; name = AirportsTabBarViewController.swift; path = Controllers/AirportsTabBarViewController.swift; sourceTree = "<group>"; };
		7A7B18AE1D327D260014155F /* TapGestureHandler.swift */ = {isa = PBXFileReference; fileEncoding = 4; lastKnownFileType = sourcecode.swift; name = TapGestureHandler.swift; path = Controllers/MainExtensions/GestureRecognizers/TapGestureHandler.swift; sourceTree = "<group>"; };
		7A7B18B01D327D350014155F /* LongPressGestureHandler.swift */ = {isa = PBXFileReference; fileEncoding = 4; lastKnownFileType = sourcecode.swift; name = LongPressGestureHandler.swift; path = Controllers/MainExtensions/GestureRecognizers/LongPressGestureHandler.swift; sourceTree = "<group>"; };
		7A7B18B21D327D430014155F /* PanGestureHandler.swift */ = {isa = PBXFileReference; fileEncoding = 4; lastKnownFileType = sourcecode.swift; name = PanGestureHandler.swift; path = Controllers/MainExtensions/GestureRecognizers/PanGestureHandler.swift; sourceTree = "<group>"; };
		7A7B18B41D327D530014155F /* PinchGestureHandler.swift */ = {isa = PBXFileReference; fileEncoding = 4; lastKnownFileType = sourcecode.swift; name = PinchGestureHandler.swift; path = Controllers/MainExtensions/GestureRecognizers/PinchGestureHandler.swift; sourceTree = "<group>"; };
		7A7B18B61D327D680014155F /* SwipeGestureHandler.swift */ = {isa = PBXFileReference; fileEncoding = 4; lastKnownFileType = sourcecode.swift; name = SwipeGestureHandler.swift; path = Controllers/MainExtensions/GestureRecognizers/SwipeGestureHandler.swift; sourceTree = "<group>"; };
		7A7B18B81D327E3E0014155F /* MainSegue.swift */ = {isa = PBXFileReference; fileEncoding = 4; lastKnownFileType = sourcecode.swift; name = MainSegue.swift; path = Controllers/MainExtensions/MainSegue.swift; sourceTree = "<group>"; };
		7A7B18BA1D327EA90014155F /* MainViewInterfaceHandlers.swift */ = {isa = PBXFileReference; fileEncoding = 4; lastKnownFileType = sourcecode.swift; name = MainViewInterfaceHandlers.swift; path = Controllers/MainExtensions/MainViewInterfaceHandlers.swift; sourceTree = "<group>"; };
		7A7B18BC1D3282220014155F /* StatusBarViewController.swift */ = {isa = PBXFileReference; fileEncoding = 4; lastKnownFileType = sourcecode.swift; name = StatusBarViewController.swift; path = Controllers/StatusBarViewController.swift; sourceTree = "<group>"; };
		7A7B18BE1D3282720014155F /* SettingsPopOverViewController.swift */ = {isa = PBXFileReference; fileEncoding = 4; lastKnownFileType = sourcecode.swift; name = SettingsPopOverViewController.swift; path = Controllers/NavigationBarExtensions/SettingsPopOverViewController.swift; sourceTree = "<group>"; };
		7A7B18C01D3282AA0014155F /* LocationPopOverViewController.swift */ = {isa = PBXFileReference; fileEncoding = 4; lastKnownFileType = sourcecode.swift; name = LocationPopOverViewController.swift; path = Controllers/NavigationBarExtensions/LocationPopOverViewController.swift; sourceTree = "<group>"; };
		7A7B18C21D3282DB0014155F /* InformationPopOverTableViewController.swift */ = {isa = PBXFileReference; fileEncoding = 4; lastKnownFileType = sourcecode.swift; name = InformationPopOverTableViewController.swift; path = Controllers/NavigationBarExtensions/InformationPopOverTableViewController.swift; sourceTree = "<group>"; };
		7A7B18C41D3283030014155F /* MainViewNavigationBarHandler.swift */ = {isa = PBXFileReference; fileEncoding = 4; lastKnownFileType = sourcecode.swift; name = MainViewNavigationBarHandler.swift; path = Controllers/MainExtensions/MainViewNavigationBarHandler.swift; sourceTree = "<group>"; };
		7A7B18C61D3283580014155F /* MainAirportHandler.swift */ = {isa = PBXFileReference; fileEncoding = 4; lastKnownFileType = sourcecode.swift; name = MainAirportHandler.swift; path = Controllers/MainExtensions/MainAirportHandler.swift; sourceTree = "<group>"; };
		7A7B18C81D32837F0014155F /* MainTerminalChartHandler.swift */ = {isa = PBXFileReference; fileEncoding = 4; lastKnownFileType = sourcecode.swift; name = MainTerminalChartHandler.swift; path = Controllers/MainExtensions/MainTerminalChartHandler.swift; sourceTree = "<group>"; };
		7AB11FEE1D2F06E3009C3160 /* Airport+CoreDataProperties.swift */ = {isa = PBXFileReference; fileEncoding = 4; lastKnownFileType = sourcecode.swift; name = "Airport+CoreDataProperties.swift"; path = "CoreData/Entities/Airport+CoreDataProperties.swift"; sourceTree = "<group>"; };
		7AB11FF01D2F06E3009C3160 /* ChartInfo+CoreDataProperties.swift */ = {isa = PBXFileReference; fileEncoding = 4; lastKnownFileType = sourcecode.swift; name = "ChartInfo+CoreDataProperties.swift"; path = "CoreData/Entities/ChartInfo+CoreDataProperties.swift"; sourceTree = "<group>"; };
		7AB11FF21D2F06E3009C3160 /* Chart+CoreDataProperties.swift */ = {isa = PBXFileReference; fileEncoding = 4; lastKnownFileType = sourcecode.swift; name = "Chart+CoreDataProperties.swift"; path = "CoreData/Entities/Chart+CoreDataProperties.swift"; sourceTree = "<group>"; };
		7AB11FF41D2F06E3009C3160 /* UserCustomize+CoreDataProperties.swift */ = {isa = PBXFileReference; fileEncoding = 4; lastKnownFileType = sourcecode.swift; name = "UserCustomize+CoreDataProperties.swift"; path = "CoreData/Entities/UserCustomize+CoreDataProperties.swift"; sourceTree = "<group>"; };
		7AB11FF61D2F06E3009C3160 /* ChartContent+CoreDataProperties.swift */ = {isa = PBXFileReference; fileEncoding = 4; lastKnownFileType = sourcecode.swift; name = "ChartContent+CoreDataProperties.swift"; path = "CoreData/Entities/ChartContent+CoreDataProperties.swift"; sourceTree = "<group>"; };
		7AB120021D2F074D009C3160 /* Airport.swift */ = {isa = PBXFileReference; fileEncoding = 4; lastKnownFileType = sourcecode.swift; name = Airport.swift; path = CoreData/Models/Airport.swift; sourceTree = "<group>"; };
		7AB120031D2F074D009C3160 /* Chart.swift */ = {isa = PBXFileReference; fileEncoding = 4; lastKnownFileType = sourcecode.swift; name = Chart.swift; path = CoreData/Models/Chart.swift; sourceTree = "<group>"; };
		7AB120041D2F074D009C3160 /* ChartContent.swift */ = {isa = PBXFileReference; fileEncoding = 4; lastKnownFileType = sourcecode.swift; name = ChartContent.swift; path = CoreData/Models/ChartContent.swift; sourceTree = "<group>"; };
		7AB120051D2F074D009C3160 /* ChartInfo.swift */ = {isa = PBXFileReference; fileEncoding = 4; lastKnownFileType = sourcecode.swift; name = ChartInfo.swift; path = CoreData/Models/ChartInfo.swift; sourceTree = "<group>"; };
		7AB120061D2F074D009C3160 /* UserCustomize.swift */ = {isa = PBXFileReference; fileEncoding = 4; lastKnownFileType = sourcecode.swift; name = UserCustomize.swift; path = CoreData/Models/UserCustomize.swift; sourceTree = "<group>"; };
		7AB1200C1D2F142A009C3160 /* Constants.swift */ = {isa = PBXFileReference; fileEncoding = 4; lastKnownFileType = sourcecode.swift; name = Constants.swift; path = Helpers/Constants/Constants.swift; sourceTree = "<group>"; };
		7AB1200E1D2F1440009C3160 /* NotificationKeys.swift */ = {isa = PBXFileReference; fileEncoding = 4; lastKnownFileType = sourcecode.swift; name = NotificationKeys.swift; path = Helpers/Constants/NotificationKeys.swift; sourceTree = "<group>"; };
		7AB120101D2F1457009C3160 /* UserDefaultsKeys.swift */ = {isa = PBXFileReference; fileEncoding = 4; lastKnownFileType = sourcecode.swift; name = UserDefaultsKeys.swift; path = Helpers/Constants/UserDefaultsKeys.swift; sourceTree = "<group>"; };
		7AB120121D2F1484009C3160 /* ChartPointerOrigin.swift */ = {isa = PBXFileReference; fileEncoding = 4; lastKnownFileType = sourcecode.swift; name = ChartPointerOrigin.swift; path = Helpers/Enums/ChartPointerOrigin.swift; sourceTree = "<group>"; };
		7AB120141D2F14A8009C3160 /* UserDefaults.swift */ = {isa = PBXFileReference; fileEncoding = 4; lastKnownFileType = sourcecode.swift; name = UserDefaults.swift; path = Helpers/Extensions/UserDefaults.swift; sourceTree = "<group>"; };
		7AB120161D2F14D6009C3160 /* SeedData.swift */ = {isa = PBXFileReference; fileEncoding = 4; lastKnownFileType = sourcecode.swift; name = SeedData.swift; path = Helpers/SeedData/SeedData.swift; sourceTree = "<group>"; };
		7AB120181D2F14F2009C3160 /* StatusBarHandler.swift */ = {isa = PBXFileReference; fileEncoding = 4; lastKnownFileType = sourcecode.swift; name = StatusBarHandler.swift; path = Helpers/Handlers/StatusBarHandler.swift; sourceTree = "<group>"; };
		7AB1201A1D2F1504009C3160 /* LogHandler.swift */ = {isa = PBXFileReference; fileEncoding = 4; lastKnownFileType = sourcecode.swift; name = LogHandler.swift; path = Helpers/Handlers/LogHandler.swift; sourceTree = "<group>"; };
		7AB1201C1D2F1526009C3160 /* ApplicationHandler.swift */ = {isa = PBXFileReference; fileEncoding = 4; lastKnownFileType = sourcecode.swift; name = ApplicationHandler.swift; path = Helpers/Handlers/ApplicationHandler.swift; sourceTree = "<group>"; };
		7AB1201E1D2F1575009C3160 /* ErrorTypes.swift */ = {isa = PBXFileReference; fileEncoding = 4; lastKnownFileType = sourcecode.swift; name = ErrorTypes.swift; path = Helpers/Enums/ErrorTypes.swift; sourceTree = "<group>"; };
		7AB120201D2F1663009C3160 /* ChartType.swift */ = {isa = PBXFileReference; fileEncoding = 4; lastKnownFileType = sourcecode.swift; name = ChartType.swift; path = Helpers/Enums/ChartType.swift; sourceTree = "<group>"; };
		7ABEA4491D3418B100C311CD /* TerminalChartTableViewController.swift */ = {isa = PBXFileReference; fileEncoding = 4; lastKnownFileType = sourcecode.swift; name = TerminalChartTableViewController.swift; path = Controllers/TerminalChartTableViewController.swift; sourceTree = "<group>"; };
		7AE139B21D2EE529008B6033 /* AFD.app */ = {isa = PBXFileReference; explicitFileType = wrapper.application; includeInIndex = 0; path = AFD.app; sourceTree = BUILT_PRODUCTS_DIR; };
		7AE139BA1D2EE52A008B6033 /* Base */ = {isa = PBXFileReference; lastKnownFileType = file.storyboard; name = Base; path = Base.lproj/Main.storyboard; sourceTree = "<group>"; };
		7AE139BF1D2EE52A008B6033 /* Assets.xcassets */ = {isa = PBXFileReference; lastKnownFileType = folder.assetcatalog; path = Assets.xcassets; sourceTree = "<group>"; };
		7AE139C21D2EE52A008B6033 /* Base */ = {isa = PBXFileReference; lastKnownFileType = file.storyboard; name = Base; path = Base.lproj/LaunchScreen.storyboard; sourceTree = "<group>"; };
		7AE139D21D2EE626008B6033 /* MainViewController.swift */ = {isa = PBXFileReference; fileEncoding = 4; lastKnownFileType = sourcecode.swift; name = MainViewController.swift; path = Controllers/MainViewController.swift; sourceTree = "<group>"; };
		7AE139DB1D2EE826008B6033 /* AFD.xcdatamodel */ = {isa = PBXFileReference; lastKnownFileType = wrapper.xcdatamodel; path = AFD.xcdatamodel; sourceTree = "<group>"; };
		7AE139DD1D2EE86C008B6033 /* CoreDataHelper.swift */ = {isa = PBXFileReference; fileEncoding = 4; lastKnownFileType = sourcecode.swift; name = CoreDataHelper.swift; path = Helpers/CoreData/CoreDataHelper.swift; sourceTree = "<group>"; };
		7AE139DF1D2EE87F008B6033 /* CoreDataStore.swift */ = {isa = PBXFileReference; fileEncoding = 4; lastKnownFileType = sourcecode.swift; name = CoreDataStore.swift; path = Helpers/CoreData/CoreDataStore.swift; sourceTree = "<group>"; };
		7AE139E11D2EE892008B6033 /* AirportService.swift */ = {isa = PBXFileReference; fileEncoding = 4; lastKnownFileType = sourcecode.swift; name = AirportService.swift; path = Helpers/CoreData/AirportService.swift; sourceTree = "<group>"; };
		7AE139E31D2EE8A3008B6033 /* ChartService.swift */ = {isa = PBXFileReference; fileEncoding = 4; lastKnownFileType = sourcecode.swift; name = ChartService.swift; path = Helpers/CoreData/ChartService.swift; sourceTree = "<group>"; };
		7AE139E51D2EE8BA008B6033 /* ErrorHandler.swift */ = {isa = PBXFileReference; fileEncoding = 4; lastKnownFileType = sourcecode.swift; name = ErrorHandler.swift; path = Helpers/Handlers/ErrorHandler.swift; sourceTree = "<group>"; };
		7AE139E91D2EE8E3008B6033 /* InterfaceHandler.swift */ = {isa = PBXFileReference; fileEncoding = 4; lastKnownFileType = sourcecode.swift; name = InterfaceHandler.swift; path = Helpers/Handlers/InterfaceHandler.swift; sourceTree = "<group>"; };
		7AE139EB1D2EE8F9008B6033 /* LocationHandler.swift */ = {isa = PBXFileReference; fileEncoding = 4; lastKnownFileType = sourcecode.swift; name = LocationHandler.swift; path = Helpers/Handlers/LocationHandler.swift; sourceTree = "<group>"; };
		7AE139ED1D2EE908008B6033 /* Manager.swift */ = {isa = PBXFileReference; fileEncoding = 4; lastKnownFileType = sourcecode.swift; name = Manager.swift; path = Helpers/Handlers/Manager.swift; sourceTree = "<group>"; };
		7AE139EF1D2EE942008B6033 /* Airports.json */ = {isa = PBXFileReference; fileEncoding = 4; lastKnownFileType = text.json; name = Airports.json; path = CoreData/DataSources/Airports.json; sourceTree = "<group>"; };
/* End PBXFileReference section */

/* Begin PBXFrameworksBuildPhase section */
		7AE139AF1D2EE529008B6033 /* Frameworks */ = {
			isa = PBXFrameworksBuildPhase;
			buildActionMask = 2147483647;
			files = (
			);
			runOnlyForDeploymentPostprocessing = 0;
		};
/* End PBXFrameworksBuildPhase section */

/* Begin PBXGroup section */
		7A3577781D2F34B70077E5A2 /* AppConfigurations */ = {
			isa = PBXGroup;
			children = (
				7A3577811D2F35A80077E5A2 /* Info.plist */,
				7A35777F1D2F35330077E5A2 /* AppDelegate.swift */,
			);
			name = AppConfigurations;
			sourceTree = "<group>";
		};
		7A3577791D2F34C90077E5A2 /* MainExtensions */ = {
			isa = PBXGroup;
			children = (
				7A7B18AD1D327CF60014155F /* GestureRecognizers */,
				7A7B18A71D326AD10014155F /* MainViewLeftNavigationBarHandler.swift */,
				7A7B18B81D327E3E0014155F /* MainSegue.swift */,
				7A7B18BA1D327EA90014155F /* MainViewInterfaceHandlers.swift */,
				7A7B18C41D3283030014155F /* MainViewNavigationBarHandler.swift */,
				7A7B18C61D3283580014155F /* MainAirportHandler.swift */,
				7A7B18C81D32837F0014155F /* MainTerminalChartHandler.swift */,
			);
			name = MainExtensions;
			sourceTree = "<group>";
		};
		7A35777A1D2F34D10077E5A2 /* NavigationBarExtensions */ = {
			isa = PBXGroup;
			children = (
				7A7B18BE1D3282720014155F /* SettingsPopOverViewController.swift */,
				7A7B18C01D3282AA0014155F /* LocationPopOverViewController.swift */,
				7A7B18C21D3282DB0014155F /* InformationPopOverTableViewController.swift */,
			);
			name = NavigationBarExtensions;
			sourceTree = "<group>";
		};
		7A35777B1D2F34D80077E5A2 /* StatusBarExtensions */ = {
			isa = PBXGroup;
			children = (
			);
			name = StatusBarExtensions;
			sourceTree = "<group>";
		};
		7A35777C1D2F34E00077E5A2 /* TerminalChartsExtensions */ = {
			isa = PBXGroup;
			children = (
			);
			name = TerminalChartsExtensions;
			sourceTree = "<group>";
		};
		7A35777D1D2F34F50077E5A2 /* PageIndicators */ = {
			isa = PBXGroup;
			children = (
				7A3577831D2F36400077E5A2 /* PageIndicatorView.swift */,
			);
			name = PageIndicators;
			sourceTree = "<group>";
		};
		7A35777E1D2F34FF0077E5A2 /* TerminalCharts */ = {
			isa = PBXGroup;
			children = (
				7A3577851D2F36AA0077E5A2 /* ChartTableViewCell.swift */,
			);
			name = TerminalCharts;
			sourceTree = "<group>";
		};
		7A7B18A41D32647B0014155F /* AirportExtensions */ = {
			isa = PBXGroup;
			children = (
			);
			name = AirportExtensions;
			sourceTree = "<group>";
		};
		7A7B18AD1D327CF60014155F /* GestureRecognizers */ = {
			isa = PBXGroup;
			children = (
				7A7B18AE1D327D260014155F /* TapGestureHandler.swift */,
				7A7B18B01D327D350014155F /* LongPressGestureHandler.swift */,
				7A7B18B21D327D430014155F /* PanGestureHandler.swift */,
				7A7B18B41D327D530014155F /* PinchGestureHandler.swift */,
				7A7B18B61D327D680014155F /* SwipeGestureHandler.swift */,
			);
			name = GestureRecognizers;
			sourceTree = "<group>";
		};
		7AE139A91D2EE529008B6033 = {
			isa = PBXGroup;
			children = (
				7AE139B41D2EE529008B6033 /* AFD */,
				7AE139B31D2EE529008B6033 /* Products */,
			);
			sourceTree = "<group>";
		};
		7AE139B31D2EE529008B6033 /* Products */ = {
			isa = PBXGroup;
			children = (
				7AE139B21D2EE529008B6033 /* AFD.app */,
			);
			name = Products;
			sourceTree = "<group>";
		};
		7AE139B41D2EE529008B6033 /* AFD */ = {
			isa = PBXGroup;
			children = (
				7A3577781D2F34B70077E5A2 /* AppConfigurations */,
				7AE139CE1D2EE59E008B6033 /* Helpers */,
				7AE139CD1D2EE596008B6033 /* CoreData */,
				7AE139CC1D2EE591008B6033 /* Models */,
				7AE139CB1D2EE588008B6033 /* Controllers */,
				7AE139CA1D2EE57F008B6033 /* Views */,
				7AE139F11D2EEA6C008B6033 /* StoryBoard */,
				7AE139BF1D2EE52A008B6033 /* Assets.xcassets */,
			);
			path = AFD;
			sourceTree = "<group>";
		};
		7AE139CA1D2EE57F008B6033 /* Views */ = {
			isa = PBXGroup;
			children = (
				7A35777E1D2F34FF0077E5A2 /* TerminalCharts */,
				7A35777D1D2F34F50077E5A2 /* PageIndicators */,
			);
			name = Views;
			sourceTree = "<group>";
		};
		7AE139CB1D2EE588008B6033 /* Controllers */ = {
			isa = PBXGroup;
			children = (
				7A7B18A41D32647B0014155F /* AirportExtensions */,
				7A35777C1D2F34E00077E5A2 /* TerminalChartsExtensions */,
				7A35777B1D2F34D80077E5A2 /* StatusBarExtensions */,
				7A35777A1D2F34D10077E5A2 /* NavigationBarExtensions */,
				7A3577791D2F34C90077E5A2 /* MainExtensions */,
				7AE139D21D2EE626008B6033 /* MainViewController.swift */,
				7A7B18AB1D326E070014155F /* AirportsTabBarViewController.swift */,
				7A7B18BC1D3282220014155F /* StatusBarViewController.swift */,
				7ABEA4491D3418B100C311CD /* TerminalChartTableViewController.swift */,
			);
			name = Controllers;
			sourceTree = "<group>";
		};
		7AE139CC1D2EE591008B6033 /* Models */ = {
			isa = PBXGroup;
			children = (
			);
			name = Models;
			sourceTree = "<group>";
		};
		7AE139CD1D2EE596008B6033 /* CoreData */ = {
			isa = PBXGroup;
			children = (
				7AE139DA1D2EE826008B6033 /* AFD.xcdatamodeld */,
				7AE139D11D2EE60E008B6033 /* DataSources */,
				7AE139D01D2EE607008B6033 /* Models */,
				7AE139CF1D2EE600008B6033 /* Entities */,
			);
			name = CoreData;
			sourceTree = "<group>";
		};
		7AE139CE1D2EE59E008B6033 /* Helpers */ = {
			isa = PBXGroup;
			children = (
				7AE139D51D2EE63C008B6033 /* Constants */,
				7AE139D41D2EE636008B6033 /* CoreData */,
				7AE139D81D2EE656008B6033 /* Enums */,
				7AE139D61D2EE647008B6033 /* Extensions */,
				7AE139D71D2EE650008B6033 /* Handlers */,
				7AE139D91D2EE65C008B6033 /* SeedData */,
			);
			name = Helpers;
			sourceTree = "<group>";
		};
		7AE139CF1D2EE600008B6033 /* Entities */ = {
			isa = PBXGroup;
			children = (
				7AB11FEE1D2F06E3009C3160 /* Airport+CoreDataProperties.swift */,
				7AB11FF21D2F06E3009C3160 /* Chart+CoreDataProperties.swift */,
				7AB11FF61D2F06E3009C3160 /* ChartContent+CoreDataProperties.swift */,
				7AB11FF01D2F06E3009C3160 /* ChartInfo+CoreDataProperties.swift */,
				7AB11FF41D2F06E3009C3160 /* UserCustomize+CoreDataProperties.swift */,
			);
			name = Entities;
			sourceTree = "<group>";
		};
		7AE139D01D2EE607008B6033 /* Models */ = {
			isa = PBXGroup;
			children = (
				7AB120021D2F074D009C3160 /* Airport.swift */,
				7AB120031D2F074D009C3160 /* Chart.swift */,
				7AB120041D2F074D009C3160 /* ChartContent.swift */,
				7AB120051D2F074D009C3160 /* ChartInfo.swift */,
				7AB120061D2F074D009C3160 /* UserCustomize.swift */,
			);
			name = Models;
			sourceTree = "<group>";
		};
		7AE139D11D2EE60E008B6033 /* DataSources */ = {
			isa = PBXGroup;
			children = (
				7A3577871D2F3D6F0077E5A2 /* OIII.json */,
				7AE139EF1D2EE942008B6033 /* Airports.json */,
			);
			name = DataSources;
			sourceTree = "<group>";
		};
		7AE139D41D2EE636008B6033 /* CoreData */ = {
			isa = PBXGroup;
			children = (
				7AE139DD1D2EE86C008B6033 /* CoreDataHelper.swift */,
				7AE139DF1D2EE87F008B6033 /* CoreDataStore.swift */,
				7AE139E11D2EE892008B6033 /* AirportService.swift */,
				7AE139E31D2EE8A3008B6033 /* ChartService.swift */,
			);
			name = CoreData;
			sourceTree = "<group>";
		};
		7AE139D51D2EE63C008B6033 /* Constants */ = {
			isa = PBXGroup;
			children = (
				7AB1200C1D2F142A009C3160 /* Constants.swift */,
				7AB1200E1D2F1440009C3160 /* NotificationKeys.swift */,
				7AB120101D2F1457009C3160 /* UserDefaultsKeys.swift */,
			);
			name = Constants;
			sourceTree = "<group>";
		};
		7AE139D61D2EE647008B6033 /* Extensions */ = {
			isa = PBXGroup;
			children = (
				7AB120141D2F14A8009C3160 /* UserDefaults.swift */,
			);
			name = Extensions;
			sourceTree = "<group>";
		};
		7AE139D71D2EE650008B6033 /* Handlers */ = {
			isa = PBXGroup;
			children = (
				7AE139E51D2EE8BA008B6033 /* ErrorHandler.swift */,
				7AE139E91D2EE8E3008B6033 /* InterfaceHandler.swift */,
				7AE139EB1D2EE8F9008B6033 /* LocationHandler.swift */,
				7AE139ED1D2EE908008B6033 /* Manager.swift */,
				7AB120181D2F14F2009C3160 /* StatusBarHandler.swift */,
				7AB1201A1D2F1504009C3160 /* LogHandler.swift */,
				7AB1201C1D2F1526009C3160 /* ApplicationHandler.swift */,
			);
			name = Handlers;
			sourceTree = "<group>";
		};
		7AE139D81D2EE656008B6033 /* Enums */ = {
			isa = PBXGroup;
			children = (
				7AB120121D2F1484009C3160 /* ChartPointerOrigin.swift */,
				7AB1201E1D2F1575009C3160 /* ErrorTypes.swift */,
				7AB120201D2F1663009C3160 /* ChartType.swift */,
				7A3577891D2F40510077E5A2 /* AppState.swift */,
			);
			name = Enums;
			sourceTree = "<group>";
		};
		7AE139D91D2EE65C008B6033 /* SeedData */ = {
			isa = PBXGroup;
			children = (
				7AB120161D2F14D6009C3160 /* SeedData.swift */,
			);
			name = SeedData;
			sourceTree = "<group>";
		};
		7AE139F11D2EEA6C008B6033 /* StoryBoard */ = {
			isa = PBXGroup;
			children = (
				7AE139B91D2EE52A008B6033 /* Main.storyboard */,
				7AE139C11D2EE52A008B6033 /* LaunchScreen.storyboard */,
			);
			name = StoryBoard;
			sourceTree = "<group>";
		};
/* End PBXGroup section */

/* Begin PBXNativeTarget section */
		7AE139B11D2EE529008B6033 /* AFD */ = {
			isa = PBXNativeTarget;
			buildConfigurationList = 7AE139C71D2EE52A008B6033 /* Build configuration list for PBXNativeTarget "AFD" */;
			buildPhases = (
				7AE139AE1D2EE529008B6033 /* Sources */,
				7AE139AF1D2EE529008B6033 /* Frameworks */,
				7AE139B01D2EE529008B6033 /* Resources */,
			);
			buildRules = (
			);
			dependencies = (
			);
			name = AFD;
			productName = AFD;
			productReference = 7AE139B21D2EE529008B6033 /* AFD.app */;
			productType = "com.apple.product-type.application";
		};
/* End PBXNativeTarget section */

/* Begin PBXProject section */
		7AE139AA1D2EE529008B6033 /* Project object */ = {
			isa = PBXProject;
			attributes = {
				LastSwiftUpdateCheck = 0730;
				LastUpgradeCheck = 0730;
				ORGANIZATIONNAME = Akbarzade;
				TargetAttributes = {
					7AE139B11D2EE529008B6033 = {
						CreatedOnToolsVersion = 7.3.1;
						DevelopmentTeam = YA8UU6N3JL;
					};
				};
			};
			buildConfigurationList = 7AE139AD1D2EE529008B6033 /* Build configuration list for PBXProject "AFD" */;
			compatibilityVersion = "Xcode 3.2";
			developmentRegion = English;
			hasScannedForEncodings = 0;
			knownRegions = (
				en,
				Base,
			);
			mainGroup = 7AE139A91D2EE529008B6033;
			productRefGroup = 7AE139B31D2EE529008B6033 /* Products */;
			projectDirPath = "";
			projectRoot = "";
			targets = (
				7AE139B11D2EE529008B6033 /* AFD */,
			);
		};
/* End PBXProject section */

/* Begin PBXResourcesBuildPhase section */
		7AE139B01D2EE529008B6033 /* Resources */ = {
			isa = PBXResourcesBuildPhase;
			buildActionMask = 2147483647;
			files = (
				7AE139C31D2EE52A008B6033 /* LaunchScreen.storyboard in Resources */,
				7AE139F01D2EE942008B6033 /* Airports.json in Resources */,
				7AE139C01D2EE52A008B6033 /* Assets.xcassets in Resources */,
				7A3577881D2F3D6F0077E5A2 /* OIII.json in Resources */,
				7A3577821D2F35A80077E5A2 /* Info.plist in Resources */,
				7AE139BB1D2EE52A008B6033 /* Main.storyboard in Resources */,
			);
			runOnlyForDeploymentPostprocessing = 0;
		};
/* End PBXResourcesBuildPhase section */

/* Begin PBXSourcesBuildPhase section */
		7AE139AE1D2EE529008B6033 /* Sources */ = {
			isa = PBXSourcesBuildPhase;
			buildActionMask = 2147483647;
			files = (
				7A3577801D2F35330077E5A2 /* AppDelegate.swift in Sources */,
				7AB1200D1D2F142A009C3160 /* Constants.swift in Sources */,
				7A7B18AF1D327D260014155F /* TapGestureHandler.swift in Sources */,
				7AE139DC1D2EE827008B6033 /* AFD.xcdatamodeld in Sources */,
				7AB1201D1D2F1526009C3160 /* ApplicationHandler.swift in Sources */,
				7AB11FF81D2F06E3009C3160 /* Airport+CoreDataProperties.swift in Sources */,
				7AB120151D2F14A8009C3160 /* UserDefaults.swift in Sources */,
				7AB120111D2F1457009C3160 /* UserDefaultsKeys.swift in Sources */,
				7AE139EA1D2EE8E3008B6033 /* InterfaceHandler.swift in Sources */,
				7AB1200A1D2F074D009C3160 /* ChartInfo.swift in Sources */,
				7A7B18A81D326AD10014155F /* MainViewLeftNavigationBarHandler.swift in Sources */,
				7A7B18B71D327D680014155F /* SwipeGestureHandler.swift in Sources */,
				7AE139DE1D2EE86C008B6033 /* CoreDataHelper.swift in Sources */,
				7A7B18BF1D3282720014155F /* SettingsPopOverViewController.swift in Sources */,
				7A3577841D2F36400077E5A2 /* PageIndicatorView.swift in Sources */,
				7A7B18BD1D3282220014155F /* StatusBarViewController.swift in Sources */,
				7AE139E41D2EE8A3008B6033 /* ChartService.swift in Sources */,
				7A7B18B31D327D430014155F /* PanGestureHandler.swift in Sources */,
				7AB11FFC1D2F06E3009C3160 /* Chart+CoreDataProperties.swift in Sources */,
				7AB11FFA1D2F06E3009C3160 /* ChartInfo+CoreDataProperties.swift in Sources */,
				7AB120001D2F06E3009C3160 /* ChartContent+CoreDataProperties.swift in Sources */,
				7AE139EC1D2EE8F9008B6033 /* LocationHandler.swift in Sources */,
				7A35778A1D2F40510077E5A2 /* AppState.swift in Sources */,
				7A7B18C11D3282AA0014155F /* LocationPopOverViewController.swift in Sources */,
				7AB1200B1D2F074D009C3160 /* UserCustomize.swift in Sources */,
				7AE139D31D2EE626008B6033 /* MainViewController.swift in Sources */,
				7A7B18AC1D326E070014155F /* AirportsTabBarViewController.swift in Sources */,
				7A7B18BB1D327EA90014155F /* MainViewInterfaceHandlers.swift in Sources */,
				7A3577861D2F36AA0077E5A2 /* ChartTableViewCell.swift in Sources */,
				7A7B18B11D327D350014155F /* LongPressGestureHandler.swift in Sources */,
				7AB120191D2F14F2009C3160 /* StatusBarHandler.swift in Sources */,
				7AE139E61D2EE8BA008B6033 /* ErrorHandler.swift in Sources */,
				7AB120171D2F14D6009C3160 /* SeedData.swift in Sources */,
				7AE139EE1D2EE908008B6033 /* Manager.swift in Sources */,
				7A7B18B51D327D530014155F /* PinchGestureHandler.swift in Sources */,
				7AE139E01D2EE87F008B6033 /* CoreDataStore.swift in Sources */,
				7AB1201B1D2F1504009C3160 /* LogHandler.swift in Sources */,
				7AB120081D2F074D009C3160 /* Chart.swift in Sources */,
				7AB120131D2F1484009C3160 /* ChartPointerOrigin.swift in Sources */,
				7A7B18B91D327E3E0014155F /* MainSegue.swift in Sources */,
				7AB1200F1D2F1440009C3160 /* NotificationKeys.swift in Sources */,
				7AB120071D2F074D009C3160 /* Airport.swift in Sources */,
				7ABEA44A1D3418B100C311CD /* TerminalChartTableViewController.swift in Sources */,
				7AE139E21D2EE892008B6033 /* AirportService.swift in Sources */,
				7A7B18C71D3283580014155F /* MainAirportHandler.swift in Sources */,
				7AB1201F1D2F1575009C3160 /* ErrorTypes.swift in Sources */,
				7AB11FFE1D2F06E3009C3160 /* UserCustomize+CoreDataProperties.swift in Sources */,
				7AB120211D2F1663009C3160 /* ChartType.swift in Sources */,
				7A7B18C91D32837F0014155F /* MainTerminalChartHandler.swift in Sources */,
				7A7B18C31D3282DB0014155F /* InformationPopOverTableViewController.swift in Sources */,
				7A7B18C51D3283030014155F /* MainViewNavigationBarHandler.swift in Sources */,
				7AB120091D2F074D009C3160 /* ChartContent.swift in Sources */,
			);
			runOnlyForDeploymentPostprocessing = 0;
		};
/* End PBXSourcesBuildPhase section */

/* Begin PBXVariantGroup section */
		7AE139B91D2EE52A008B6033 /* Main.storyboard */ = {
			isa = PBXVariantGroup;
			children = (
				7AE139BA1D2EE52A008B6033 /* Base */,
			);
			name = Main.storyboard;
			sourceTree = "<group>";
		};
		7AE139C11D2EE52A008B6033 /* LaunchScreen.storyboard */ = {
			isa = PBXVariantGroup;
			children = (
				7AE139C21D2EE52A008B6033 /* Base */,
			);
			name = LaunchScreen.storyboard;
			sourceTree = "<group>";
		};
/* End PBXVariantGroup section */

/* Begin XCBuildConfiguration section */
		7AE139C51D2EE52A008B6033 /* Debug */ = {
			isa = XCBuildConfiguration;
			buildSettings = {
				ALWAYS_SEARCH_USER_PATHS = NO;
				CLANG_ANALYZER_NONNULL = YES;
				CLANG_CXX_LANGUAGE_STANDARD = "gnu++0x";
				CLANG_CXX_LIBRARY = "libc++";
				CLANG_ENABLE_MODULES = YES;
				CLANG_ENABLE_OBJC_ARC = YES;
				CLANG_WARN_BOOL_CONVERSION = YES;
				CLANG_WARN_CONSTANT_CONVERSION = YES;
				CLANG_WARN_DIRECT_OBJC_ISA_USAGE = YES_ERROR;
				CLANG_WARN_EMPTY_BODY = YES;
				CLANG_WARN_ENUM_CONVERSION = YES;
				CLANG_WARN_INT_CONVERSION = YES;
				CLANG_WARN_OBJC_ROOT_CLASS = YES_ERROR;
				CLANG_WARN_UNREACHABLE_CODE = YES;
				CLANG_WARN__DUPLICATE_METHOD_MATCH = YES;
				"CODE_SIGN_IDENTITY[sdk=iphoneos*]" = "iPhone Developer";
				COPY_PHASE_STRIP = NO;
				DEBUG_INFORMATION_FORMAT = dwarf;
				ENABLE_STRICT_OBJC_MSGSEND = YES;
				ENABLE_TESTABILITY = YES;
				GCC_C_LANGUAGE_STANDARD = gnu99;
				GCC_DYNAMIC_NO_PIC = NO;
				GCC_NO_COMMON_BLOCKS = YES;
				GCC_OPTIMIZATION_LEVEL = 0;
				GCC_PREPROCESSOR_DEFINITIONS = (
					"DEBUG=1",
					"$(inherited)",
				);
				GCC_WARN_64_TO_32_BIT_CONVERSION = YES;
				GCC_WARN_ABOUT_RETURN_TYPE = YES_ERROR;
				GCC_WARN_UNDECLARED_SELECTOR = YES;
				GCC_WARN_UNINITIALIZED_AUTOS = YES_AGGRESSIVE;
				GCC_WARN_UNUSED_FUNCTION = YES;
				GCC_WARN_UNUSED_VARIABLE = YES;
				IPHONEOS_DEPLOYMENT_TARGET = 9.0;
				MTL_ENABLE_DEBUG_INFO = YES;
				ONLY_ACTIVE_ARCH = YES;
				SDKROOT = iphoneos;
				SWIFT_OPTIMIZATION_LEVEL = "-Onone";
				TARGETED_DEVICE_FAMILY = 2;
			};
			name = Debug;
		};
		7AE139C61D2EE52A008B6033 /* Release */ = {
			isa = XCBuildConfiguration;
			buildSettings = {
				ALWAYS_SEARCH_USER_PATHS = NO;
				CLANG_ANALYZER_NONNULL = YES;
				CLANG_CXX_LANGUAGE_STANDARD = "gnu++0x";
				CLANG_CXX_LIBRARY = "libc++";
				CLANG_ENABLE_MODULES = YES;
				CLANG_ENABLE_OBJC_ARC = YES;
				CLANG_WARN_BOOL_CONVERSION = YES;
				CLANG_WARN_CONSTANT_CONVERSION = YES;
				CLANG_WARN_DIRECT_OBJC_ISA_USAGE = YES_ERROR;
				CLANG_WARN_EMPTY_BODY = YES;
				CLANG_WARN_ENUM_CONVERSION = YES;
				CLANG_WARN_INT_CONVERSION = YES;
				CLANG_WARN_OBJC_ROOT_CLASS = YES_ERROR;
				CLANG_WARN_UNREACHABLE_CODE = YES;
				CLANG_WARN__DUPLICATE_METHOD_MATCH = YES;
				"CODE_SIGN_IDENTITY[sdk=iphoneos*]" = "iPhone Developer";
				COPY_PHASE_STRIP = NO;
				DEBUG_INFORMATION_FORMAT = "dwarf-with-dsym";
				ENABLE_NS_ASSERTIONS = NO;
				ENABLE_STRICT_OBJC_MSGSEND = YES;
				GCC_C_LANGUAGE_STANDARD = gnu99;
				GCC_NO_COMMON_BLOCKS = YES;
				GCC_WARN_64_TO_32_BIT_CONVERSION = YES;
				GCC_WARN_ABOUT_RETURN_TYPE = YES_ERROR;
				GCC_WARN_UNDECLARED_SELECTOR = YES;
				GCC_WARN_UNINITIALIZED_AUTOS = YES_AGGRESSIVE;
				GCC_WARN_UNUSED_FUNCTION = YES;
				GCC_WARN_UNUSED_VARIABLE = YES;
				IPHONEOS_DEPLOYMENT_TARGET = 9.0;
				MTL_ENABLE_DEBUG_INFO = NO;
				SDKROOT = iphoneos;
				TARGETED_DEVICE_FAMILY = 2;
				VALIDATE_PRODUCT = YES;
			};
			name = Release;
		};
		7AE139C81D2EE52A008B6033 /* Debug */ = {
			isa = XCBuildConfiguration;
			buildSettings = {
				ASSETCATALOG_COMPILER_APPICON_NAME = AppIcon;
				CODE_SIGN_IDENTITY = "iPhone Developer";
				INFOPLIST_FILE = AFD/Info.plist;
				IPHONEOS_DEPLOYMENT_TARGET = 9.0;
				LD_RUNPATH_SEARCH_PATHS = "$(inherited) @executable_path/Frameworks";
				PRODUCT_BUNDLE_IDENTIFIER = com.akbarzade.AFD;
				PRODUCT_NAME = "$(TARGET_NAME)";
			};
			name = Debug;
		};
		7AE139C91D2EE52A008B6033 /* Release */ = {
			isa = XCBuildConfiguration;
			buildSettings = {
				ASSETCATALOG_COMPILER_APPICON_NAME = AppIcon;
				CODE_SIGN_IDENTITY = "iPhone Developer";
				INFOPLIST_FILE = AFD/Info.plist;
				IPHONEOS_DEPLOYMENT_TARGET = 9.0;
				LD_RUNPATH_SEARCH_PATHS = "$(inherited) @executable_path/Frameworks";
				PRODUCT_BUNDLE_IDENTIFIER = com.akbarzade.AFD;
				PRODUCT_NAME = "$(TARGET_NAME)";
			};
			name = Release;
		};
/* End XCBuildConfiguration section */

/* Begin XCConfigurationList section */
		7AE139AD1D2EE529008B6033 /* Build configuration list for PBXProject "AFD" */ = {
			isa = XCConfigurationList;
			buildConfigurations = (
				7AE139C51D2EE52A008B6033 /* Debug */,
				7AE139C61D2EE52A008B6033 /* Release */,
			);
			defaultConfigurationIsVisible = 0;
			defaultConfigurationName = Release;
		};
		7AE139C71D2EE52A008B6033 /* Build configuration list for PBXNativeTarget "AFD" */ = {
			isa = XCConfigurationList;
			buildConfigurations = (
				7AE139C81D2EE52A008B6033 /* Debug */,
				7AE139C91D2EE52A008B6033 /* Release */,
			);
			defaultConfigurationIsVisible = 0;
			defaultConfigurationName = Release;
		};
/* End XCConfigurationList section */

/* Begin XCVersionGroup section */
		7AE139DA1D2EE826008B6033 /* AFD.xcdatamodeld */ = {
			isa = XCVersionGroup;
			children = (
				7AE139DB1D2EE826008B6033 /* AFD.xcdatamodel */,
			);
			currentVersion = 7AE139DB1D2EE826008B6033 /* AFD.xcdatamodel */;
			name = AFD.xcdatamodeld;
			path = CoreData/AFD.xcdatamodeld;
			sourceTree = "<group>";
			versionGroupType = wrapper.xcdatamodel;
		};
/* End XCVersionGroup section */
	};
	rootObject = 7AE139AA1D2EE529008B6033 /* Project object */;
}
